
Microsoft Visual Studio Solution File, Format Version 12.00
# Visual Studio 15
VisualStudioVersion = 15.0.27004.2005
MinimumVisualStudioVersion = 10.0.40219.1
Project("{FAE04EC0-301F-11D3-BF4B-00C04F79EFBC}") = "xd", "xd\xd.csproj", "{53FD3C02-2A34-45E1-B38B-7F1552B5D883}"
EndProject
Global
	GlobalSection(SolutionConfigurationPlatforms) = preSolution
		Debug|Any CPU = Debug|Any CPU
		Release|Any CPU = Release|Any CPU
	EndGlobalSection
	GlobalSection(ProjectConfigurationPlatforms) = postSolution
		{53FD3C02-2A34-45E1-B38B-7F1552B5D883}.Debug|Any CPU.ActiveCfg = Debug|Any CPU
		{53FD3C02-2A34-45E1-B38B-7F1552B5D883}.Debug|Any CPU.Build.0 = Debug|Any CPU
		{53FD3C02-2A34-45E1-B38B-7F1552B5D883}.Release|Any CPU.ActiveCfg = Release|Any CPU
		{53FD3C02-2A34-45E1-B38B-7F1552B5D883}.Release|Any CPU.Build.0 = Release|Any CPU
	EndGlobalSection
	GlobalSection(SolutionProperties) = preSolution
		HideSolutionNode = FALSE
	EndGlobalSection
	GlobalSection(ExtensibilityGlobals) = postSolution
		SolutionGuid = {0C19970B-0D30-43C8-B799-ACF4BEC856DE}
	EndGlobalSection
EndGlobal
